
Microsoft Visual Studio Solution File, Format Version 12.00
# Visual Studio Version 17
VisualStudioVersion = 17.4.33205.214
MinimumVisualStudioVersion = 10.0.40219.1
Project("{888888A0-9F3D-457C-B088-3A5042F75D52}") = "21.03", "21.03.pyproj", "{DA52986A-4578-41E1-9330-276074E021CF}"
EndProject
Global
	GlobalSection(SolutionConfigurationPlatforms) = preSolution
		Debug|Any CPU = Debug|Any CPU
		Release|Any CPU = Release|Any CPU
	EndGlobalSection
	GlobalSection(ProjectConfigurationPlatforms) = postSolution
		{DA52986A-4578-41E1-9330-276074E021CF}.Debug|Any CPU.ActiveCfg = Debug|Any CPU
		{DA52986A-4578-41E1-9330-276074E021CF}.Release|Any CPU.ActiveCfg = Release|Any CPU
	EndGlobalSection
	GlobalSection(SolutionProperties) = preSolution
		HideSolutionNode = FALSE
	EndGlobalSection
	GlobalSection(ExtensibilityGlobals) = postSolution
		SolutionGuid = {A9766B7F-6AE9-4FA8-803E-BC3B7E0F6C52}
	EndGlobalSection
EndGlobal
